// !$*UTF8*$!
{
	archiveVersion = 1;
	classes = {
	};
	objectVersion = 50;
	objects = {

/* Begin PBXBuildFile section */
		8E8267B8D1F293900A567767 /* Pods_OfficeOurs.framework in Frameworks */ = {isa = PBXBuildFile; fileRef = 3F110A9B136AAA8773C72AFE /* Pods_OfficeOurs.framework */; };
		930F7828208BCCBB009A6750 /* AppDelegate.swift in Sources */ = {isa = PBXBuildFile; fileRef = 930F7827208BCCBB009A6750 /* AppDelegate.swift */; };
		930F782A208BCCBB009A6750 /* ViewController.swift in Sources */ = {isa = PBXBuildFile; fileRef = 930F7829208BCCBB009A6750 /* ViewController.swift */; };
		930F782D208BCCBB009A6750 /* Main.storyboard in Resources */ = {isa = PBXBuildFile; fileRef = 930F782B208BCCBB009A6750 /* Main.storyboard */; };
		930F7830208BCCBB009A6750 /* OfficeOurs.xcdatamodeld in Sources */ = {isa = PBXBuildFile; fileRef = 930F782E208BCCBB009A6750 /* OfficeOurs.xcdatamodeld */; };
		930F7832208BCCBB009A6750 /* Assets.xcassets in Resources */ = {isa = PBXBuildFile; fileRef = 930F7831208BCCBB009A6750 /* Assets.xcassets */; };
		930F7835208BCCBB009A6750 /* LaunchScreen.storyboard in Resources */ = {isa = PBXBuildFile; fileRef = 930F7833208BCCBB009A6750 /* LaunchScreen.storyboard */; };
		932EDE9F208BD3350095D684 /* GoogleService-Info.plist in Resources */ = {isa = PBXBuildFile; fileRef = 932EDE9E208BD3350095D684 /* GoogleService-Info.plist */; };
		93969BB7208C032C00660CDC /* RegistrationViewController.swift in Sources */ = {isa = PBXBuildFile; fileRef = 93969BB6208C032C00660CDC /* RegistrationViewController.swift */; };
/* End PBXBuildFile section */

/* Begin PBXFileReference section */
		235C3AFE1603AAFF4A6D0849 /* Pods-OfficeOurs.release.xcconfig */ = {isa = PBXFileReference; includeInIndex = 1; lastKnownFileType = text.xcconfig; name = "Pods-OfficeOurs.release.xcconfig"; path = "Pods/Target Support Files/Pods-OfficeOurs/Pods-OfficeOurs.release.xcconfig"; sourceTree = "<group>"; };
		3F110A9B136AAA8773C72AFE /* Pods_OfficeOurs.framework */ = {isa = PBXFileReference; explicitFileType = wrapper.framework; includeInIndex = 0; path = Pods_OfficeOurs.framework; sourceTree = BUILT_PRODUCTS_DIR; };
		5478B123F56BF09275A8A4D3 /* Pods-OfficeOurs.debug.xcconfig */ = {isa = PBXFileReference; includeInIndex = 1; lastKnownFileType = text.xcconfig; name = "Pods-OfficeOurs.debug.xcconfig"; path = "Pods/Target Support Files/Pods-OfficeOurs/Pods-OfficeOurs.debug.xcconfig"; sourceTree = "<group>"; };
		930F7824208BCCBB009A6750 /* OfficeOurs.app */ = {isa = PBXFileReference; explicitFileType = wrapper.application; includeInIndex = 0; path = OfficeOurs.app; sourceTree = BUILT_PRODUCTS_DIR; };
		930F7827208BCCBB009A6750 /* AppDelegate.swift */ = {isa = PBXFileReference; lastKnownFileType = sourcecode.swift; path = AppDelegate.swift; sourceTree = "<group>"; };
		930F7829208BCCBB009A6750 /* ViewController.swift */ = {isa = PBXFileReference; lastKnownFileType = sourcecode.swift; path = ViewController.swift; sourceTree = "<group>"; };
		930F782C208BCCBB009A6750 /* Base */ = {isa = PBXFileReference; lastKnownFileType = file.storyboard; name = Base; path = Base.lproj/Main.storyboard; sourceTree = "<group>"; };
		930F782F208BCCBB009A6750 /* OfficeOurs.xcdatamodel */ = {isa = PBXFileReference; lastKnownFileType = wrapper.xcdatamodel; path = OfficeOurs.xcdatamodel; sourceTree = "<group>"; };
		930F7831208BCCBB009A6750 /* Assets.xcassets */ = {isa = PBXFileReference; lastKnownFileType = folder.assetcatalog; path = Assets.xcassets; sourceTree = "<group>"; };
		930F7834208BCCBB009A6750 /* Base */ = {isa = PBXFileReference; lastKnownFileType = file.storyboard; name = Base; path = Base.lproj/LaunchScreen.storyboard; sourceTree = "<group>"; };
		930F7836208BCCBB009A6750 /* Info.plist */ = {isa = PBXFileReference; lastKnownFileType = text.plist.xml; path = Info.plist; sourceTree = "<group>"; };
		932EDE9E208BD3350095D684 /* GoogleService-Info.plist */ = {isa = PBXFileReference; fileEncoding = 4; lastKnownFileType = text.plist.xml; path = "GoogleService-Info.plist"; sourceTree = "<group>"; };
		93969BB6208C032C00660CDC /* RegistrationViewController.swift */ = {isa = PBXFileReference; lastKnownFileType = sourcecode.swift; path = RegistrationViewController.swift; sourceTree = "<group>"; };
/* End PBXFileReference section */

/* Begin PBXFrameworksBuildPhase section */
		930F7821208BCCBB009A6750 /* Frameworks */ = {
			isa = PBXFrameworksBuildPhase;
			buildActionMask = 2147483647;
			files = (
				8E8267B8D1F293900A567767 /* Pods_OfficeOurs.framework in Frameworks */,
			);
			runOnlyForDeploymentPostprocessing = 0;
		};
/* End PBXFrameworksBuildPhase section */

/* Begin PBXGroup section */
		685C6D42A99A71BEB4B7333F /* Pods */ = {
			isa = PBXGroup;
			children = (
				5478B123F56BF09275A8A4D3 /* Pods-OfficeOurs.debug.xcconfig */,
				235C3AFE1603AAFF4A6D0849 /* Pods-OfficeOurs.release.xcconfig */,
			);
			name = Pods;
			sourceTree = "<group>";
		};
		930F781B208BCCBB009A6750 = {
			isa = PBXGroup;
			children = (
				930F7826208BCCBB009A6750 /* OfficeOurs */,
				930F7825208BCCBB009A6750 /* Products */,
				685C6D42A99A71BEB4B7333F /* Pods */,
				C12CF0DCA26EC81B9839ADEE /* Frameworks */,
			);
			sourceTree = "<group>";
		};
		930F7825208BCCBB009A6750 /* Products */ = {
			isa = PBXGroup;
			children = (
				930F7824208BCCBB009A6750 /* OfficeOurs.app */,
			);
			name = Products;
			sourceTree = "<group>";
		};
		930F7826208BCCBB009A6750 /* OfficeOurs */ = {
			isa = PBXGroup;
			children = (
				932EDEA4208BD52E0095D684 /* Supporting Files */,
				932EDEA3208BD4F40095D684 /* Controller */,
				932EDEA2208BD4DA0095D684 /* View */,
				932EDEA1208BD4A90095D684 /* Model */,
				930F7831208BCCBB009A6750 /* Assets.xcassets */,
				930F782E208BCCBB009A6750 /* OfficeOurs.xcdatamodeld */,
			);
			path = OfficeOurs;
			sourceTree = "<group>";
		};
		932EDEA1208BD4A90095D684 /* Model */ = {
			isa = PBXGroup;
			children = (
			);
			name = Model;
			sourceTree = "<group>";
		};
		932EDEA2208BD4DA0095D684 /* View */ = {
			isa = PBXGroup;
			children = (
				930F7833208BCCBB009A6750 /* LaunchScreen.storyboard */,
				930F782B208BCCBB009A6750 /* Main.storyboard */,
			);
			name = View;
			sourceTree = "<group>";
		};
		932EDEA3208BD4F40095D684 /* Controller */ = {
			isa = PBXGroup;
			children = (
				930F7827208BCCBB009A6750 /* AppDelegate.swift */,
				930F7829208BCCBB009A6750 /* ViewController.swift */,
				93969BB6208C032C00660CDC /* RegistrationViewController.swift */,
			);
			name = Controller;
			sourceTree = "<group>";
		};
		932EDEA4208BD52E0095D684 /* Supporting Files */ = {
			isa = PBXGroup;
			children = (
				930F7836208BCCBB009A6750 /* Info.plist */,
				932EDE9E208BD3350095D684 /* GoogleService-Info.plist */,
			);
			name = "Supporting Files";
			sourceTree = "<group>";
		};
		C12CF0DCA26EC81B9839ADEE /* Frameworks */ = {
			isa = PBXGroup;
			children = (
				3F110A9B136AAA8773C72AFE /* Pods_OfficeOurs.framework */,
			);
			name = Frameworks;
			sourceTree = "<group>";
		};
/* End PBXGroup section */

/* Begin PBXNativeTarget section */
		930F7823208BCCBB009A6750 /* OfficeOurs */ = {
			isa = PBXNativeTarget;
			buildConfigurationList = 930F7839208BCCBB009A6750 /* Build configuration list for PBXNativeTarget "OfficeOurs" */;
			buildPhases = (
				3C2E7038B95083DC863B7451 /* [CP] Check Pods Manifest.lock */,
				930F7820208BCCBB009A6750 /* Sources */,
				930F7821208BCCBB009A6750 /* Frameworks */,
				930F7822208BCCBB009A6750 /* Resources */,
				FFA81E2D523488E46F081227 /* [CP] Embed Pods Frameworks */,
			);
			buildRules = (
			);
			dependencies = (
			);
			name = OfficeOurs;
			productName = OfficeOurs;
			productReference = 930F7824208BCCBB009A6750 /* OfficeOurs.app */;
			productType = "com.apple.product-type.application";
		};
/* End PBXNativeTarget section */

/* Begin PBXProject section */
		930F781C208BCCBB009A6750 /* Project object */ = {
			isa = PBXProject;
			attributes = {
				LastSwiftUpdateCheck = 0930;
				LastUpgradeCheck = 0930;
				ORGANIZATIONNAME = "Clayton Matulich";
				TargetAttributes = {
					930F7823208BCCBB009A6750 = {
						CreatedOnToolsVersion = 9.3;
					};
				};
			};
			buildConfigurationList = 930F781F208BCCBB009A6750 /* Build configuration list for PBXProject "OfficeOurs" */;
			compatibilityVersion = "Xcode 9.3";
			developmentRegion = en;
			hasScannedForEncodings = 0;
			knownRegions = (
				en,
				Base,
			);
			mainGroup = 930F781B208BCCBB009A6750;
			productRefGroup = 930F7825208BCCBB009A6750 /* Products */;
			projectDirPath = "";
			projectRoot = "";
			targets = (
				930F7823208BCCBB009A6750 /* OfficeOurs */,
			);
		};
/* End PBXProject section */

/* Begin PBXResourcesBuildPhase section */
		930F7822208BCCBB009A6750 /* Resources */ = {
			isa = PBXResourcesBuildPhase;
			buildActionMask = 2147483647;
			files = (
				930F7835208BCCBB009A6750 /* LaunchScreen.storyboard in Resources */,
				932EDE9F208BD3350095D684 /* GoogleService-Info.plist in Resources */,
				930F7832208BCCBB009A6750 /* Assets.xcassets in Resources */,
				930F782D208BCCBB009A6750 /* Main.storyboard in Resources */,
			);
			runOnlyForDeploymentPostprocessing = 0;
		};
/* End PBXResourcesBuildPhase section */

/* Begin PBXShellScriptBuildPhase section */
		3C2E7038B95083DC863B7451 /* [CP] Check Pods Manifest.lock */ = {
			isa = PBXShellScriptBuildPhase;
			buildActionMask = 2147483647;
			files = (
			);
			inputPaths = (
				"${PODS_PODFILE_DIR_PATH}/Podfile.lock",
				"${PODS_ROOT}/Manifest.lock",
			);
			name = "[CP] Check Pods Manifest.lock";
			outputPaths = (
				"$(DERIVED_FILE_DIR)/Pods-OfficeOurs-checkManifestLockResult.txt",
			);
			runOnlyForDeploymentPostprocessing = 0;
			shellPath = /bin/sh;
			shellScript = "diff \"${PODS_PODFILE_DIR_PATH}/Podfile.lock\" \"${PODS_ROOT}/Manifest.lock\" > /dev/null\nif [ $? != 0 ] ; then\n    # print error to STDERR\n    echo \"error: The sandbox is not in sync with the Podfile.lock. Run 'pod install' or update your CocoaPods installation.\" >&2\n    exit 1\nfi\n# This output is used by Xcode 'outputs' to avoid re-running this script phase.\necho \"SUCCESS\" > \"${SCRIPT_OUTPUT_FILE_0}\"\n";
			showEnvVarsInLog = 0;
		};
		FFA81E2D523488E46F081227 /* [CP] Embed Pods Frameworks */ = {
			isa = PBXShellScriptBuildPhase;
			buildActionMask = 2147483647;
			files = (
			);
			inputPaths = (
				"${SRCROOT}/Pods/Target Support Files/Pods-OfficeOurs/Pods-OfficeOurs-frameworks.sh",
				"${BUILT_PRODUCTS_DIR}/ChameleonFramework/ChameleonFramework.framework",
				"${BUILT_PRODUCTS_DIR}/GTMSessionFetcher/GTMSessionFetcher.framework",
				"${BUILT_PRODUCTS_DIR}/GoogleToolboxForMac/GoogleToolboxForMac.framework",
				"${BUILT_PRODUCTS_DIR}/SVProgressHUD/SVProgressHUD.framework",
				"${BUILT_PRODUCTS_DIR}/leveldb-library/leveldb.framework",
				"${BUILT_PRODUCTS_DIR}/nanopb/nanopb.framework",
			);
			name = "[CP] Embed Pods Frameworks";
			outputPaths = (
				"${TARGET_BUILD_DIR}/${FRAMEWORKS_FOLDER_PATH}/ChameleonFramework.framework",
				"${TARGET_BUILD_DIR}/${FRAMEWORKS_FOLDER_PATH}/GTMSessionFetcher.framework",
				"${TARGET_BUILD_DIR}/${FRAMEWORKS_FOLDER_PATH}/GoogleToolboxForMac.framework",
				"${TARGET_BUILD_DIR}/${FRAMEWORKS_FOLDER_PATH}/SVProgressHUD.framework",
				"${TARGET_BUILD_DIR}/${FRAMEWORKS_FOLDER_PATH}/leveldb.framework",
				"${TARGET_BUILD_DIR}/${FRAMEWORKS_FOLDER_PATH}/nanopb.framework",
			);
			runOnlyForDeploymentPostprocessing = 0;
			shellPath = /bin/sh;
			shellScript = "\"${SRCROOT}/Pods/Target Support Files/Pods-OfficeOurs/Pods-OfficeOurs-frameworks.sh\"\n";
			showEnvVarsInLog = 0;
		};
/* End PBXShellScriptBuildPhase section */

/* Begin PBXSourcesBuildPhase section */
		930F7820208BCCBB009A6750 /* Sources */ = {
			isa = PBXSourcesBuildPhase;
			buildActionMask = 2147483647;
			files = (
				930F782A208BCCBB009A6750 /* ViewController.swift in Sources */,
				930F7830208BCCBB009A6750 /* OfficeOurs.xcdatamodeld in Sources */,
				93969BB7208C032C00660CDC /* RegistrationViewController.swift in Sources */,
				930F7828208BCCBB009A6750 /* AppDelegate.swift in Sources */,
			);
			runOnlyForDeploymentPostprocessing = 0;
		};
/* End PBXSourcesBuildPhase section */

/* Begin PBXVariantGroup section */
		930F782B208BCCBB009A6750 /* Main.storyboard */ = {
			isa = PBXVariantGroup;
			children = (
				930F782C208BCCBB009A6750 /* Base */,
			);
			name = Main.storyboard;
			sourceTree = "<group>";
		};
		930F7833208BCCBB009A6750 /* LaunchScreen.storyboard */ = {
			isa = PBXVariantGroup;
			children = (
				930F7834208BCCBB009A6750 /* Base */,
			);
			name = LaunchScreen.storyboard;
			sourceTree = "<group>";
		};
/* End PBXVariantGroup section */

/* Begin XCBuildConfiguration section */
		930F7837208BCCBB009A6750 /* Debug */ = {
			isa = XCBuildConfiguration;
			buildSettings = {
				ALWAYS_SEARCH_USER_PATHS = NO;
				CLANG_ANALYZER_NONNULL = YES;
				CLANG_ANALYZER_NUMBER_OBJECT_CONVERSION = YES_AGGRESSIVE;
				CLANG_CXX_LANGUAGE_STANDARD = "gnu++14";
				CLANG_CXX_LIBRARY = "libc++";
				CLANG_ENABLE_MODULES = YES;
				CLANG_ENABLE_OBJC_ARC = YES;
				CLANG_ENABLE_OBJC_WEAK = YES;
				CLANG_WARN_BLOCK_CAPTURE_AUTORELEASING = YES;
				CLANG_WARN_BOOL_CONVERSION = YES;
				CLANG_WARN_COMMA = YES;
				CLANG_WARN_CONSTANT_CONVERSION = YES;
				CLANG_WARN_DEPRECATED_OBJC_IMPLEMENTATIONS = YES;
				CLANG_WARN_DIRECT_OBJC_ISA_USAGE = YES_ERROR;
				CLANG_WARN_DOCUMENTATION_COMMENTS = YES;
				CLANG_WARN_EMPTY_BODY = YES;
				CLANG_WARN_ENUM_CONVERSION = YES;
				CLANG_WARN_INFINITE_RECURSION = YES;
				CLANG_WARN_INT_CONVERSION = YES;
				CLANG_WARN_NON_LITERAL_NULL_CONVERSION = YES;
				CLANG_WARN_OBJC_IMPLICIT_RETAIN_SELF = YES;
				CLANG_WARN_OBJC_LITERAL_CONVERSION = YES;
				CLANG_WARN_OBJC_ROOT_CLASS = YES_ERROR;
				CLANG_WARN_RANGE_LOOP_ANALYSIS = YES;
				CLANG_WARN_STRICT_PROTOTYPES = YES;
				CLANG_WARN_SUSPICIOUS_MOVE = YES;
				CLANG_WARN_UNGUARDED_AVAILABILITY = YES_AGGRESSIVE;
				CLANG_WARN_UNREACHABLE_CODE = YES;
				CLANG_WARN__DUPLICATE_METHOD_MATCH = YES;
				CODE_SIGN_IDENTITY = "iPhone Developer";
				COPY_PHASE_STRIP = NO;
				DEBUG_INFORMATION_FORMAT = dwarf;
				ENABLE_STRICT_OBJC_MSGSEND = YES;
				ENABLE_TESTABILITY = YES;
				GCC_C_LANGUAGE_STANDARD = gnu11;
				GCC_DYNAMIC_NO_PIC = NO;
				GCC_NO_COMMON_BLOCKS = YES;
				GCC_OPTIMIZATION_LEVEL = 0;
				GCC_PREPROCESSOR_DEFINITIONS = (
					"DEBUG=1",
					"$(inherited)",
				);
				GCC_WARN_64_TO_32_BIT_CONVERSION = YES;
				GCC_WARN_ABOUT_RETURN_TYPE = YES_ERROR;
				GCC_WARN_UNDECLARED_SELECTOR = YES;
				GCC_WARN_UNINITIALIZED_AUTOS = YES_AGGRESSIVE;
				GCC_WARN_UNUSED_FUNCTION = YES;
				GCC_WARN_UNUSED_VARIABLE = YES;
				IPHONEOS_DEPLOYMENT_TARGET = 11.3;
				MTL_ENABLE_DEBUG_INFO = YES;
				ONLY_ACTIVE_ARCH = YES;
				SDKROOT = iphoneos;
				SWIFT_ACTIVE_COMPILATION_CONDITIONS = DEBUG;
				SWIFT_OPTIMIZATION_LEVEL = "-Onone";
			};
			name = Debug;
		};
		930F7838208BCCBB009A6750 /* Release */ = {
			isa = XCBuildConfiguration;
			buildSettings = {
				ALWAYS_SEARCH_USER_PATHS = NO;
				CLANG_ANALYZER_NONNULL = YES;
				CLANG_ANALYZER_NUMBER_OBJECT_CONVERSION = YES_AGGRESSIVE;
				CLANG_CXX_LANGUAGE_STANDARD = "gnu++14";
				CLANG_CXX_LIBRARY = "libc++";
				CLANG_ENABLE_MODULES = YES;
				CLANG_ENABLE_OBJC_ARC = YES;
				CLANG_ENABLE_OBJC_WEAK = YES;
				CLANG_WARN_BLOCK_CAPTURE_AUTORELEASING = YES;
				CLANG_WARN_BOOL_CONVERSION = YES;
				CLANG_WARN_COMMA = YES;
				CLANG_WARN_CONSTANT_CONVERSION = YES;
				CLANG_WARN_DEPRECATED_OBJC_IMPLEMENTATIONS = YES;
				CLANG_WARN_DIRECT_OBJC_ISA_USAGE = YES_ERROR;
				CLANG_WARN_DOCUMENTATION_COMMENTS = YES;
				CLANG_WARN_EMPTY_BODY = YES;
				CLANG_WARN_ENUM_CONVERSION = YES;
				CLANG_WARN_INFINITE_RECURSION = YES;
				CLANG_WARN_INT_CONVERSION = YES;
				CLANG_WARN_NON_LITERAL_NULL_CONVERSION = YES;
				CLANG_WARN_OBJC_IMPLICIT_RETAIN_SELF = YES;
				CLANG_WARN_OBJC_LITERAL_CONVERSION = YES;
				CLANG_WARN_OBJC_ROOT_CLASS = YES_ERROR;
				CLANG_WARN_RANGE_LOOP_ANALYSIS = YES;
				CLANG_WARN_STRICT_PROTOTYPES = YES;
				CLANG_WARN_SUSPICIOUS_MOVE = YES;
				CLANG_WARN_UNGUARDED_AVAILABILITY = YES_AGGRESSIVE;
				CLANG_WARN_UNREACHABLE_CODE = YES;
				CLANG_WARN__DUPLICATE_METHOD_MATCH = YES;
				CODE_SIGN_IDENTITY = "iPhone Developer";
				COPY_PHASE_STRIP = NO;
				DEBUG_INFORMATION_FORMAT = "dwarf-with-dsym";
				ENABLE_NS_ASSERTIONS = NO;
				ENABLE_STRICT_OBJC_MSGSEND = YES;
				GCC_C_LANGUAGE_STANDARD = gnu11;
				GCC_NO_COMMON_BLOCKS = YES;
				GCC_WARN_64_TO_32_BIT_CONVERSION = YES;
				GCC_WARN_ABOUT_RETURN_TYPE = YES_ERROR;
				GCC_WARN_UNDECLARED_SELECTOR = YES;
				GCC_WARN_UNINITIALIZED_AUTOS = YES_AGGRESSIVE;
				GCC_WARN_UNUSED_FUNCTION = YES;
				GCC_WARN_UNUSED_VARIABLE = YES;
				IPHONEOS_DEPLOYMENT_TARGET = 11.3;
				MTL_ENABLE_DEBUG_INFO = NO;
				SDKROOT = iphoneos;
				SWIFT_COMPILATION_MODE = wholemodule;
				SWIFT_OPTIMIZATION_LEVEL = "-O";
				VALIDATE_PRODUCT = YES;
			};
			name = Release;
		};
		930F783A208BCCBB009A6750 /* Debug */ = {
			isa = XCBuildConfiguration;
			baseConfigurationReference = 5478B123F56BF09275A8A4D3 /* Pods-OfficeOurs.debug.xcconfig */;
			buildSettings = {
				ASSETCATALOG_COMPILER_APPICON_NAME = AppIcon;
				CODE_SIGN_STYLE = Automatic;
				DEVELOPMENT_TEAM = 6F74FNKXVA;
				INFOPLIST_FILE = OfficeOurs/Info.plist;
				LD_RUNPATH_SEARCH_PATHS = (
					"$(inherited)",
					"@executable_path/Frameworks",
				);
				PRODUCT_BUNDLE_IDENTIFIER = com.claytonmatulich.OfficeOurs;
				PRODUCT_NAME = "$(TARGET_NAME)";
				SWIFT_VERSION = 4.0;
				TARGETED_DEVICE_FAMILY = "1,2";
			};
			name = Debug;
		};
		930F783B208BCCBB009A6750 /* Release */ = {
			isa = XCBuildConfiguration;
			baseConfigurationReference = 235C3AFE1603AAFF4A6D0849 /* Pods-OfficeOurs.release.xcconfig */;
			buildSettings = {
				ASSETCATALOG_COMPILER_APPICON_NAME = AppIcon;
				CODE_SIGN_STYLE = Automatic;
				DEVELOPMENT_TEAM = 6F74FNKXVA;
				INFOPLIST_FILE = OfficeOurs/Info.plist;
				LD_RUNPATH_SEARCH_PATHS = (
					"$(inherited)",
					"@executable_path/Frameworks",
				);
				PRODUCT_BUNDLE_IDENTIFIER = com.claytonmatulich.OfficeOurs;
				PRODUCT_NAME = "$(TARGET_NAME)";
				SWIFT_VERSION = 4.0;
				TARGETED_DEVICE_FAMILY = "1,2";
			};
			name = Release;
		};
/* End XCBuildConfiguration section */

/* Begin XCConfigurationList section */
		930F781F208BCCBB009A6750 /* Build configuration list for PBXProject "OfficeOurs" */ = {
			isa = XCConfigurationList;
			buildConfigurations = (
				930F7837208BCCBB009A6750 /* Debug */,
				930F7838208BCCBB009A6750 /* Release */,
			);
			defaultConfigurationIsVisible = 0;
			defaultConfigurationName = Release;
		};
		930F7839208BCCBB009A6750 /* Build configuration list for PBXNativeTarget "OfficeOurs" */ = {
			isa = XCConfigurationList;
			buildConfigurations = (
				930F783A208BCCBB009A6750 /* Debug */,
				930F783B208BCCBB009A6750 /* Release */,
			);
			defaultConfigurationIsVisible = 0;
			defaultConfigurationName = Release;
		};
/* End XCConfigurationList section */

/* Begin XCVersionGroup section */
		930F782E208BCCBB009A6750 /* OfficeOurs.xcdatamodeld */ = {
			isa = XCVersionGroup;
			children = (
				930F782F208BCCBB009A6750 /* OfficeOurs.xcdatamodel */,
			);
			currentVersion = 930F782F208BCCBB009A6750 /* OfficeOurs.xcdatamodel */;
			path = OfficeOurs.xcdatamodeld;
			sourceTree = "<group>";
			versionGroupType = wrapper.xcdatamodel;
		};
/* End XCVersionGroup section */
	};
	rootObject = 930F781C208BCCBB009A6750 /* Project object */;
}
